
Microsoft Visual Studio Solution File, Format Version 12.00
# Visual Studio Version 17
VisualStudioVersion = 17.13.35825.156 d17.13
MinimumVisualStudioVersion = 10.0.40219.1
Project("{FAE04EC0-301F-11D3-BF4B-00C04F79EFBC}") = "QuizGameMB", "QuizGameMB\QuizGameMB.csproj", "{66A31BC7-99D1-432B-AE26-6A65A1AAABAD}"
EndProject
Global
	GlobalSection(SolutionConfigurationPlatforms) = preSolution
		Debug|Any CPU = Debug|Any CPU
		Release|Any CPU = Release|Any CPU
	EndGlobalSection
	GlobalSection(ProjectConfigurationPlatforms) = postSolution
		{66A31BC7-99D1-432B-AE26-6A65A1AAABAD}.Debug|Any CPU.ActiveCfg = Debug|Any CPU
		{66A31BC7-99D1-432B-AE26-6A65A1AAABAD}.Debug|Any CPU.Build.0 = Debug|Any CPU
		{66A31BC7-99D1-432B-AE26-6A65A1AAABAD}.Release|Any CPU.ActiveCfg = Release|Any CPU
		{66A31BC7-99D1-432B-AE26-6A65A1AAABAD}.Release|Any CPU.Build.0 = Release|Any CPU
	EndGlobalSection
	GlobalSection(SolutionProperties) = preSolution
		HideSolutionNode = FALSE
	EndGlobalSection
	GlobalSection(ExtensibilityGlobals) = postSolution
		SolutionGuid = {C0D99B54-3C54-4140-8806-3C6F413259E4}
	EndGlobalSection
EndGlobal
